DEPENDENCIES
  monitor
    path: .
    metadata: true

GRAPH
  apt (2.9.2)
  build-essential (2.2.4)
  chef_handler (1.2.0)
  erlang (2.0.0)
    apt (>= 1.7.0)
    build-essential (>= 0.0.0)
    yum (~> 3.0)
    yum-epel (>= 0.0.0)
    yum-erlang_solutions (>= 0.0.0)
  monitor (0.0.15)
    build-essential (>= 0.0.0)
    sensu (>= 0.0.0)
    sudo (>= 0.0.0)
    uchiwa (>= 0.0.0)
    yum-epel (>= 0.0.0)
  rabbitmq (3.12.0)
    erlang (>= 0.9)
    yum-epel (>= 0.0.0)
    yum-erlang_solutions (>= 0.0.0)
  redisio (2.3.0)
    build-essential (>= 0.0.0)
    ulimit (>= 0.1.2)
  sensu (2.11.0)
    apt (>= 0.0.0)
    rabbitmq (>= 2.0.0)
    redisio (>= 1.7.0)
    windows (>= 1.8.8)
    yum (>= 0.0.0)
  sudo (2.7.2)
  uchiwa (1.2.0)
    apt (>= 0.0.0)
    yum (>= 0.0.0)
  ulimit (0.3.3)
  windows (1.38.4)
    chef_handler (>= 0.0.0)
  yum (3.8.2)
  yum-epel (0.6.5)
    yum (~> 3.2)
  yum-erlang_solutions (0.3.0)
    yum (~> 3.2)
    yum-epel (>= 0.0.0)
